
Microsoft Visual Studio Solution File, Format Version 12.00
# Visual Studio 15
VisualStudioVersion = 15.0.28307.329
MinimumVisualStudioVersion = 10.0.40219.1
Project("{FAE04EC0-301F-11D3-BF4B-00C04F79EFBC}") = "BlogProject", "BlogProject\BlogProject.csproj", "{7D227F0C-7217-4FF0-8573-D9D63828C702}"
EndProject
Global
	GlobalSection(SolutionConfigurationPlatforms) = preSolution
		Debug|Any CPU = Debug|Any CPU
		Release|Any CPU = Release|Any CPU
	EndGlobalSection
	GlobalSection(ProjectConfigurationPlatforms) = postSolution
		{7D227F0C-7217-4FF0-8573-D9D63828C702}.Debug|Any CPU.ActiveCfg = Debug|Any CPU
		{7D227F0C-7217-4FF0-8573-D9D63828C702}.Debug|Any CPU.Build.0 = Debug|Any CPU
		{7D227F0C-7217-4FF0-8573-D9D63828C702}.Release|Any CPU.ActiveCfg = Release|Any CPU
		{7D227F0C-7217-4FF0-8573-D9D63828C702}.Release|Any CPU.Build.0 = Release|Any CPU
	EndGlobalSection
	GlobalSection(SolutionProperties) = preSolution
		HideSolutionNode = FALSE
	EndGlobalSection
	GlobalSection(ExtensibilityGlobals) = postSolution
		SolutionGuid = {845B52F2-8467-4B6A-9B84-F6B8739A3CAE}
	EndGlobalSection
EndGlobal
